
Microsoft Visual Studio Solution File, Format Version 12.00
# Visual Studio Version 16
VisualStudioVersion = 16.0.32602.291
MinimumVisualStudioVersion = 10.0.40219.1
Project("{9A19103F-16F7-4668-BE54-9A1E7A4F7556}") = "AnalisadorLexico", "AalisadorLexico\AnalisadorLexico.csproj", "{8295E5F7-0F8B-465C-83FF-4D5F5F3881FE}"
EndProject
Global
	GlobalSection(SolutionConfigurationPlatforms) = preSolution
		Debug|Any CPU = Debug|Any CPU
		Release|Any CPU = Release|Any CPU
	EndGlobalSection
	GlobalSection(ProjectConfigurationPlatforms) = postSolution
		{8295E5F7-0F8B-465C-83FF-4D5F5F3881FE}.Debug|Any CPU.ActiveCfg = Debug|Any CPU
		{8295E5F7-0F8B-465C-83FF-4D5F5F3881FE}.Debug|Any CPU.Build.0 = Debug|Any CPU
		{8295E5F7-0F8B-465C-83FF-4D5F5F3881FE}.Release|Any CPU.ActiveCfg = Release|Any CPU
		{8295E5F7-0F8B-465C-83FF-4D5F5F3881FE}.Release|Any CPU.Build.0 = Release|Any CPU
	EndGlobalSection
	GlobalSection(SolutionProperties) = preSolution
		HideSolutionNode = FALSE
	EndGlobalSection
	GlobalSection(ExtensibilityGlobals) = postSolution
		SolutionGuid = {84D2B34C-D9DC-4428-99C8-9AB5B43C67D2}
	EndGlobalSection
EndGlobal
